{"packages":{"dartemis":{"version":"0.2.5","source":"git","description":{"url":"git://github.com/denniskaselow/dartemis.git","ref":null,"resolved-ref":"8fdf49b7673082102e95ac058beba091ecc85186"}},"simple_audio":{"version":"0.0.0","source":"git","description":{"url":"https://github.com/johnmccutchan/simpleaudio.git","ref":null,"resolved-ref":"da24bf35ae686db02eeaa87820c7c689d9a69681"}},"unittest":{"version":"0.0.0-r.15292","source":"sdk","description":"unittest"}}}