{"packages":{"unittest":{"version":"0.0.0-r.15883","source":"sdk","description":"unittest"},"dartemis":{"version":"0.2.5","source":"git","description":{"url":"git://github.com/denniskaselow/dartemis.git","ref":null,"resolved-ref":"8fdf49b7673082102e95ac058beba091ecc85186"}},"simple_audio":{"version":"0.9.0","source":"git","description":{"url":"https://github.com/johnmccutchan/simpleaudio.git","ref":null,"resolved-ref":"f52de66b544482ec1045c8b867932911ad9fefb3"}}}}