        # Generated by pub. See: http://pub.dartlang.org/doc/glossary.html#lockfile
         {"packages":{"browser":{"version":"0.3.4","source":"hosted","description":"browser"},"unittest":{"version":"0.3.4","source":"hosted","description":"unittest"},"dartemis":{"version":"0.2.7","source":"hosted","description":"dartemis"},"simple_audio":{"version":"0.9.0","source":"git","description":{"url":"https://github.com/johnmccutchan/simpleaudio.git","ref":null,"resolved-ref":"5777e1b7bad03cae84afdb80ef19aa7a74270f34"}},"meta":{"version":"0.3.4","source":"hosted","description":"meta"},"asset_pack":{"version":"0.0.1","source":"git","description":{"url":"https://github.com/johnmccutchan/asset_pack.git","ref":null,"resolved-ref":"39034df484b881556105bd335c6973d9a10b5c76"}},"property_map":{"version":"0.0.16","source":"git","description":{"url":"https://github.com/sethillgard/property_map.git","ref":null,"resolved-ref":"eda6b08fae80efce3ca6d667a646c27e9b394480"}}}}
        